// !$*UTF8*$!
{
	archiveVersion = 1;
	classes = {
	};
	objectVersion = 46;
	objects = {

/* Begin PBXBuildFile section */
		345CEA161D96163900E9E199 /* AppDelegate.swift in Sources */ = {isa = PBXBuildFile; fileRef = 345CEA151D96163900E9E199 /* AppDelegate.swift */; };
		345CEA181D96163900E9E199 /* ViewController.swift in Sources */ = {isa = PBXBuildFile; fileRef = 345CEA171D96163900E9E199 /* ViewController.swift */; };
		345CEA1B1D96163900E9E199 /* Main.storyboard in Resources */ = {isa = PBXBuildFile; fileRef = 345CEA191D96163900E9E199 /* Main.storyboard */; };
		345CEA1D1D96163900E9E199 /* Assets.xcassets in Resources */ = {isa = PBXBuildFile; fileRef = 345CEA1C1D96163900E9E199 /* Assets.xcassets */; };
		345CEA201D96163900E9E199 /* LaunchScreen.storyboard in Resources */ = {isa = PBXBuildFile; fileRef = 345CEA1E1D96163900E9E199 /* LaunchScreen.storyboard */; };
		345CEA2B1D96163900E9E199 /* tippyTests.swift in Sources */ = {isa = PBXBuildFile; fileRef = 345CEA2A1D96163900E9E199 /* tippyTests.swift */; };
		345CEA361D96163900E9E199 /* tippyUITests.swift in Sources */ = {isa = PBXBuildFile; fileRef = 345CEA351D96163900E9E199 /* tippyUITests.swift */; };
		345CEA441D961F8200E9E199 /* settingViewController.swift in Sources */ = {isa = PBXBuildFile; fileRef = 345CEA431D961F8200E9E199 /* settingViewController.swift */; };
/* End PBXBuildFile section */

/* Begin PBXContainerItemProxy section */
		345CEA271D96163900E9E199 /* PBXContainerItemProxy */ = {
			isa = PBXContainerItemProxy;
			containerPortal = 345CEA0A1D96163900E9E199 /* Project object */;
			proxyType = 1;
			remoteGlobalIDString = 345CEA111D96163900E9E199;
			remoteInfo = tippy;
		};
		345CEA321D96163900E9E199 /* PBXContainerItemProxy */ = {
			isa = PBXContainerItemProxy;
			containerPortal = 345CEA0A1D96163900E9E199 /* Project object */;
			proxyType = 1;
			remoteGlobalIDString = 345CEA111D96163900E9E199;
			remoteInfo = tippy;
		};
/* End PBXContainerItemProxy section */

/* Begin PBXFileReference section */
		345CEA121D96163900E9E199 /* tippy.app */ = {isa = PBXFileReference; explicitFileType = wrapper.application; includeInIndex = 0; path = tippy.app; sourceTree = BUILT_PRODUCTS_DIR; };
		345CEA151D96163900E9E199 /* AppDelegate.swift */ = {isa = PBXFileReference; lastKnownFileType = sourcecode.swift; path = AppDelegate.swift; sourceTree = "<group>"; };
		345CEA171D96163900E9E199 /* ViewController.swift */ = {isa = PBXFileReference; lastKnownFileType = sourcecode.swift; path = ViewController.swift; sourceTree = "<group>"; };
		345CEA1A1D96163900E9E199 /* Base */ = {isa = PBXFileReference; lastKnownFileType = file.storyboard; name = Base; path = Base.lproj/Main.storyboard; sourceTree = "<group>"; };
		345CEA1C1D96163900E9E199 /* Assets.xcassets */ = {isa = PBXFileReference; lastKnownFileType = folder.assetcatalog; path = Assets.xcassets; sourceTree = "<group>"; };
		345CEA1F1D96163900E9E199 /* Base */ = {isa = PBXFileReference; lastKnownFileType = file.storyboard; name = Base; path = Base.lproj/LaunchScreen.storyboard; sourceTree = "<group>"; };
		345CEA211D96163900E9E199 /* Info.plist */ = {isa = PBXFileReference; lastKnownFileType = text.plist.xml; path = Info.plist; sourceTree = "<group>"; };
		345CEA261D96163900E9E199 /* tippyTests.xctest */ = {isa = PBXFileReference; explicitFileType = wrapper.cfbundle; includeInIndex = 0; path = tippyTests.xctest; sourceTree = BUILT_PRODUCTS_DIR; };
		345CEA2A1D96163900E9E199 /* tippyTests.swift */ = {isa = PBXFileReference; lastKnownFileType = sourcecode.swift; path = tippyTests.swift; sourceTree = "<group>"; };
		345CEA2C1D96163900E9E199 /* Info.plist */ = {isa = PBXFileReference; lastKnownFileType = text.plist.xml; path = Info.plist; sourceTree = "<group>"; };
		345CEA311D96163900E9E199 /* tippyUITests.xctest */ = {isa = PBXFileReference; explicitFileType = wrapper.cfbundle; includeInIndex = 0; path = tippyUITests.xctest; sourceTree = BUILT_PRODUCTS_DIR; };
		345CEA351D96163900E9E199 /* tippyUITests.swift */ = {isa = PBXFileReference; lastKnownFileType = sourcecode.swift; path = tippyUITests.swift; sourceTree = "<group>"; };
		345CEA371D96163900E9E199 /* Info.plist */ = {isa = PBXFileReference; lastKnownFileType = text.plist.xml; path = Info.plist; sourceTree = "<group>"; };
		345CEA431D961F8200E9E199 /* settingViewController.swift */ = {isa = PBXFileReference; fileEncoding = 4; lastKnownFileType = sourcecode.swift; path = settingViewController.swift; sourceTree = "<group>"; };
/* End PBXFileReference section */

/* Begin PBXFrameworksBuildPhase section */
		345CEA0F1D96163900E9E199 /* Frameworks */ = {
			isa = PBXFrameworksBuildPhase;
			buildActionMask = 2147483647;
			files = (
			);
			runOnlyForDeploymentPostprocessing = 0;
		};
		345CEA231D96163900E9E199 /* Frameworks */ = {
			isa = PBXFrameworksBuildPhase;
			buildActionMask = 2147483647;
			files = (
			);
			runOnlyForDeploymentPostprocessing = 0;
		};
		345CEA2E1D96163900E9E199 /* Frameworks */ = {
			isa = PBXFrameworksBuildPhase;
			buildActionMask = 2147483647;
			files = (
			);
			runOnlyForDeploymentPostprocessing = 0;
		};
/* End PBXFrameworksBuildPhase section */

/* Begin PBXGroup section */
		345CEA091D96163900E9E199 = {
			isa = PBXGroup;
			children = (
				345CEA141D96163900E9E199 /* tippy */,
				345CEA291D96163900E9E199 /* tippyTests */,
				345CEA341D96163900E9E199 /* tippyUITests */,
				345CEA131D96163900E9E199 /* Products */,
			);
			sourceTree = "<group>";
		};
		345CEA131D96163900E9E199 /* Products */ = {
			isa = PBXGroup;
			children = (
				345CEA121D96163900E9E199 /* tippy.app */,
				345CEA261D96163900E9E199 /* tippyTests.xctest */,
				345CEA311D96163900E9E199 /* tippyUITests.xctest */,
			);
			name = Products;
			sourceTree = "<group>";
		};
		345CEA141D96163900E9E199 /* tippy */ = {
			isa = PBXGroup;
			children = (
				345CEA151D96163900E9E199 /* AppDelegate.swift */,
				345CEA171D96163900E9E199 /* ViewController.swift */,
				345CEA191D96163900E9E199 /* Main.storyboard */,
				345CEA431D961F8200E9E199 /* settingViewController.swift */,
				345CEA1C1D96163900E9E199 /* Assets.xcassets */,
				345CEA1E1D96163900E9E199 /* LaunchScreen.storyboard */,
				345CEA211D96163900E9E199 /* Info.plist */,
			);
			path = tippy;
			sourceTree = "<group>";
		};
		345CEA291D96163900E9E199 /* tippyTests */ = {
			isa = PBXGroup;
			children = (
				345CEA2A1D96163900E9E199 /* tippyTests.swift */,
				345CEA2C1D96163900E9E199 /* Info.plist */,
			);
			path = tippyTests;
			sourceTree = "<group>";
		};
		345CEA341D96163900E9E199 /* tippyUITests */ = {
			isa = PBXGroup;
			children = (
				345CEA351D96163900E9E199 /* tippyUITests.swift */,
				345CEA371D96163900E9E199 /* Info.plist */,
			);
			path = tippyUITests;
			sourceTree = "<group>";
		};
/* End PBXGroup section */

/* Begin PBXNativeTarget section */
		345CEA111D96163900E9E199 /* tippy */ = {
			isa = PBXNativeTarget;
			buildConfigurationList = 345CEA3A1D96163900E9E199 /* Build configuration list for PBXNativeTarget "tippy" */;
			buildPhases = (
				345CEA0E1D96163900E9E199 /* Sources */,
				345CEA0F1D96163900E9E199 /* Frameworks */,
				345CEA101D96163900E9E199 /* Resources */,
			);
			buildRules = (
			);
			dependencies = (
			);
			name = tippy;
			productName = tippy;
			productReference = 345CEA121D96163900E9E199 /* tippy.app */;
			productType = "com.apple.product-type.application";
		};
		345CEA251D96163900E9E199 /* tippyTests */ = {
			isa = PBXNativeTarget;
			buildConfigurationList = 345CEA3D1D96163900E9E199 /* Build configuration list for PBXNativeTarget "tippyTests" */;
			buildPhases = (
				345CEA221D96163900E9E199 /* Sources */,
				345CEA231D96163900E9E199 /* Frameworks */,
				345CEA241D96163900E9E199 /* Resources */,
			);
			buildRules = (
			);
			dependencies = (
				345CEA281D96163900E9E199 /* PBXTargetDependency */,
			);
			name = tippyTests;
			productName = tippyTests;
			productReference = 345CEA261D96163900E9E199 /* tippyTests.xctest */;
			productType = "com.apple.product-type.bundle.unit-test";
		};
		345CEA301D96163900E9E199 /* tippyUITests */ = {
			isa = PBXNativeTarget;
			buildConfigurationList = 345CEA401D96163900E9E199 /* Build configuration list for PBXNativeTarget "tippyUITests" */;
			buildPhases = (
				345CEA2D1D96163900E9E199 /* Sources */,
				345CEA2E1D96163900E9E199 /* Frameworks */,
				345CEA2F1D96163900E9E199 /* Resources */,
			);
			buildRules = (
			);
			dependencies = (
				345CEA331D96163900E9E199 /* PBXTargetDependency */,
			);
			name = tippyUITests;
			productName = tippyUITests;
			productReference = 345CEA311D96163900E9E199 /* tippyUITests.xctest */;
			productType = "com.apple.product-type.bundle.ui-testing";
		};
/* End PBXNativeTarget section */

/* Begin PBXProject section */
		345CEA0A1D96163900E9E199 /* Project object */ = {
			isa = PBXProject;
			attributes = {
				LastSwiftUpdateCheck = 0800;
				LastUpgradeCheck = 0800;
				ORGANIZATIONNAME = Will;
				TargetAttributes = {
					345CEA111D96163900E9E199 = {
						CreatedOnToolsVersion = 8.0;
						ProvisioningStyle = Automatic;
					};
					345CEA251D96163900E9E199 = {
						CreatedOnToolsVersion = 8.0;
						ProvisioningStyle = Automatic;
						TestTargetID = 345CEA111D96163900E9E199;
					};
					345CEA301D96163900E9E199 = {
						CreatedOnToolsVersion = 8.0;
						ProvisioningStyle = Automatic;
						TestTargetID = 345CEA111D96163900E9E199;
					};
				};
			};
			buildConfigurationList = 345CEA0D1D96163900E9E199 /* Build configuration list for PBXProject "tippy" */;
			compatibilityVersion = "Xcode 3.2";
			developmentRegion = English;
			hasScannedForEncodings = 0;
			knownRegions = (
				en,
				Base,
			);
			mainGroup = 345CEA091D96163900E9E199;
			productRefGroup = 345CEA131D96163900E9E199 /* Products */;
			projectDirPath = "";
			projectRoot = "";
			targets = (
				345CEA111D96163900E9E199 /* tippy */,
				345CEA251D96163900E9E199 /* tippyTests */,
				345CEA301D96163900E9E199 /* tippyUITests */,
			);
		};
/* End PBXProject section */

/* Begin PBXResourcesBuildPhase section */
		345CEA101D96163900E9E199 /* Resources */ = {
			isa = PBXResourcesBuildPhase;
			buildActionMask = 2147483647;
			files = (
				345CEA201D96163900E9E199 /* LaunchScreen.storyboard in Resources */,
				345CEA1D1D96163900E9E199 /* Assets.xcassets in Resources */,
				345CEA1B1D96163900E9E199 /* Main.storyboard in Resources */,
			);
			runOnlyForDeploymentPostprocessing = 0;
		};
		345CEA241D96163900E9E199 /* Resources */ = {
			isa = PBXResourcesBuildPhase;
			buildActionMask = 2147483647;
			files = (
			);
			runOnlyForDeploymentPostprocessing = 0;
		};
		345CEA2F1D96163900E9E199 /* Resources */ = {
			isa = PBXResourcesBuildPhase;
			buildActionMask = 2147483647;
			files = (
			);
			runOnlyForDeploymentPostprocessing = 0;
		};
/* End PBXResourcesBuildPhase section */

/* Begin PBXSourcesBuildPhase section */
		345CEA0E1D96163900E9E199 /* Sources */ = {
			isa = PBXSourcesBuildPhase;
			buildActionMask = 2147483647;
			files = (
				345CEA181D96163900E9E199 /* ViewController.swift in Sources */,
				345CEA161D96163900E9E199 /* AppDelegate.swift in Sources */,
				345CEA441D961F8200E9E199 /* settingViewController.swift in Sources */,
			);
			runOnlyForDeploymentPostprocessing = 0;
		};
		345CEA221D96163900E9E199 /* Sources */ = {
			isa = PBXSourcesBuildPhase;
			buildActionMask = 2147483647;
			files = (
				345CEA2B1D96163900E9E199 /* tippyTests.swift in Sources */,
			);
			runOnlyForDeploymentPostprocessing = 0;
		};
		345CEA2D1D96163900E9E199 /* Sources */ = {
			isa = PBXSourcesBuildPhase;
			buildActionMask = 2147483647;
			files = (
				345CEA361D96163900E9E199 /* tippyUITests.swift in Sources */,
			);
			runOnlyForDeploymentPostprocessing = 0;
		};
/* End PBXSourcesBuildPhase section */

/* Begin PBXTargetDependency section */
		345CEA281D96163900E9E199 /* PBXTargetDependency */ = {
			isa = PBXTargetDependency;
			target = 345CEA111D96163900E9E199 /* tippy */;
			targetProxy = 345CEA271D96163900E9E199 /* PBXContainerItemProxy */;
		};
		345CEA331D96163900E9E199 /* PBXTargetDependency */ = {
			isa = PBXTargetDependency;
			target = 345CEA111D96163900E9E199 /* tippy */;
			targetProxy = 345CEA321D96163900E9E199 /* PBXContainerItemProxy */;
		};
/* End PBXTargetDependency section */

/* Begin PBXVariantGroup section */
		345CEA191D96163900E9E199 /* Main.storyboard */ = {
			isa = PBXVariantGroup;
			children = (
				345CEA1A1D96163900E9E199 /* Base */,
			);
			name = Main.storyboard;
			sourceTree = "<group>";
		};
		345CEA1E1D96163900E9E199 /* LaunchScreen.storyboard */ = {
			isa = PBXVariantGroup;
			children = (
				345CEA1F1D96163900E9E199 /* Base */,
			);
			name = LaunchScreen.storyboard;
			sourceTree = "<group>";
		};
/* End PBXVariantGroup section */

/* Begin XCBuildConfiguration section */
		345CEA381D96163900E9E199 /* Debug */ = {
			isa = XCBuildConfiguration;
			buildSettings = {
				ALWAYS_SEARCH_USER_PATHS = NO;
				CLANG_ANALYZER_NONNULL = YES;
				CLANG_CXX_LANGUAGE_STANDARD = "gnu++0x";
				CLANG_CXX_LIBRARY = "libc++";
				CLANG_ENABLE_MODULES = YES;
				CLANG_ENABLE_OBJC_ARC = YES;
				CLANG_WARN_BOOL_CONVERSION = YES;
				CLANG_WARN_CONSTANT_CONVERSION = YES;
				CLANG_WARN_DIRECT_OBJC_ISA_USAGE = YES_ERROR;
				CLANG_WARN_DOCUMENTATION_COMMENTS = YES;
				CLANG_WARN_EMPTY_BODY = YES;
				CLANG_WARN_ENUM_CONVERSION = YES;
				CLANG_WARN_INFINITE_RECURSION = YES;
				CLANG_WARN_INT_CONVERSION = YES;
				CLANG_WARN_OBJC_ROOT_CLASS = YES_ERROR;
				CLANG_WARN_SUSPICIOUS_MOVES = YES;
				CLANG_WARN_UNREACHABLE_CODE = YES;
				CLANG_WARN__DUPLICATE_METHOD_MATCH = YES;
				"CODE_SIGN_IDENTITY[sdk=iphoneos*]" = "iPhone Developer";
				COPY_PHASE_STRIP = NO;
				DEBUG_INFORMATION_FORMAT = dwarf;
				ENABLE_STRICT_OBJC_MSGSEND = YES;
				ENABLE_TESTABILITY = YES;
				GCC_C_LANGUAGE_STANDARD = gnu99;
				GCC_DYNAMIC_NO_PIC = NO;
				GCC_NO_COMMON_BLOCKS = YES;
				GCC_OPTIMIZATION_LEVEL = 0;
				GCC_PREPROCESSOR_DEFINITIONS = (
					"DEBUG=1",
					"$(inherited)",
				);
				GCC_WARN_64_TO_32_BIT_CONVERSION = YES;
				GCC_WARN_ABOUT_RETURN_TYPE = YES_ERROR;
				GCC_WARN_UNDECLARED_SELECTOR = YES;
				GCC_WARN_UNINITIALIZED_AUTOS = YES_AGGRESSIVE;
				GCC_WARN_UNUSED_FUNCTION = YES;
				GCC_WARN_UNUSED_VARIABLE = YES;
				IPHONEOS_DEPLOYMENT_TARGET = 10.0;
				MTL_ENABLE_DEBUG_INFO = YES;
				ONLY_ACTIVE_ARCH = YES;
				SDKROOT = iphoneos;
				SWIFT_ACTIVE_COMPILATION_CONDITIONS = DEBUG;
				SWIFT_OPTIMIZATION_LEVEL = "-Onone";
			};
			name = Debug;
		};
		345CEA391D96163900E9E199 /* Release */ = {
			isa = XCBuildConfiguration;
			buildSettings = {
				ALWAYS_SEARCH_USER_PATHS = NO;
				CLANG_ANALYZER_NONNULL = YES;
				CLANG_CXX_LANGUAGE_STANDARD = "gnu++0x";
				CLANG_CXX_LIBRARY = "libc++";
				CLANG_ENABLE_MODULES = YES;
				CLANG_ENABLE_OBJC_ARC = YES;
				CLANG_WARN_BOOL_CONVERSION = YES;
				CLANG_WARN_CONSTANT_CONVERSION = YES;
				CLANG_WARN_DIRECT_OBJC_ISA_USAGE = YES_ERROR;
				CLANG_WARN_DOCUMENTATION_COMMENTS = YES;
				CLANG_WARN_EMPTY_BODY = YES;
				CLANG_WARN_ENUM_CONVERSION = YES;
				CLANG_WARN_INFINITE_RECURSION = YES;
				CLANG_WARN_INT_CONVERSION = YES;
				CLANG_WARN_OBJC_ROOT_CLASS = YES_ERROR;
				CLANG_WARN_SUSPICIOUS_MOVES = YES;
				CLANG_WARN_UNREACHABLE_CODE = YES;
				CLANG_WARN__DUPLICATE_METHOD_MATCH = YES;
				"CODE_SIGN_IDENTITY[sdk=iphoneos*]" = "iPhone Developer";
				COPY_PHASE_STRIP = NO;
				DEBUG_INFORMATION_FORMAT = "dwarf-with-dsym";
				ENABLE_NS_ASSERTIONS = NO;
				ENABLE_STRICT_OBJC_MSGSEND = YES;
				GCC_C_LANGUAGE_STANDARD = gnu99;
				GCC_NO_COMMON_BLOCKS = YES;
				GCC_WARN_64_TO_32_BIT_CONVERSION = YES;
				GCC_WARN_ABOUT_RETURN_TYPE = YES_ERROR;
				GCC_WARN_UNDECLARED_SELECTOR = YES;
				GCC_WARN_UNINITIALIZED_AUTOS = YES_AGGRESSIVE;
				GCC_WARN_UNUSED_FUNCTION = YES;
				GCC_WARN_UNUSED_VARIABLE = YES;
				IPHONEOS_DEPLOYMENT_TARGET = 10.0;
				MTL_ENABLE_DEBUG_INFO = NO;
				SDKROOT = iphoneos;
				SWIFT_OPTIMIZATION_LEVEL = "-Owholemodule";
				VALIDATE_PRODUCT = YES;
			};
			name = Release;
		};
		345CEA3B1D96163900E9E199 /* Debug */ = {
			isa = XCBuildConfiguration;
			buildSettings = {
				ASSETCATALOG_COMPILER_APPICON_NAME = AppIcon;
				INFOPLIST_FILE = tippy/Info.plist;
				LD_RUNPATH_SEARCH_PATHS = "$(inherited) @executable_path/Frameworks";
				PRODUCT_BUNDLE_IDENTIFIER = com.nhatthanh.tippy;
				PRODUCT_NAME = "$(TARGET_NAME)";
				SWIFT_VERSION = 3.0;
			};
			name = Debug;
		};
		345CEA3C1D96163900E9E199 /* Release */ = {
			isa = XCBuildConfiguration;
			buildSettings = {
				ASSETCATALOG_COMPILER_APPICON_NAME = AppIcon;
				INFOPLIST_FILE = tippy/Info.plist;
				LD_RUNPATH_SEARCH_PATHS = "$(inherited) @executable_path/Frameworks";
				PRODUCT_BUNDLE_IDENTIFIER = com.nhatthanh.tippy;
				PRODUCT_NAME = "$(TARGET_NAME)";
				SWIFT_VERSION = 3.0;
			};
			name = Release;
		};
		345CEA3E1D96163900E9E199 /* Debug */ = {
			isa = XCBuildConfiguration;
			buildSettings = {
				ALWAYS_EMBED_SWIFT_STANDARD_LIBRARIES = YES;
				BUNDLE_LOADER = "$(TEST_HOST)";
				INFOPLIST_FILE = tippyTests/Info.plist;
				LD_RUNPATH_SEARCH_PATHS = "$(inherited) @executable_path/Frameworks @loader_path/Frameworks";
				PRODUCT_BUNDLE_IDENTIFIER = com.nhatthanh.tippyTests;
				PRODUCT_NAME = "$(TARGET_NAME)";
				SWIFT_VERSION = 3.0;
				TEST_HOST = "$(BUILT_PRODUCTS_DIR)/tippy.app/tippy";
			};
			name = Debug;
		};
		345CEA3F1D96163900E9E199 /* Release */ = {
			isa = XCBuildConfiguration;
			buildSettings = {
				ALWAYS_EMBED_SWIFT_STANDARD_LIBRARIES = YES;
				BUNDLE_LOADER = "$(TEST_HOST)";
				INFOPLIST_FILE = tippyTests/Info.plist;
				LD_RUNPATH_SEARCH_PATHS = "$(inherited) @executable_path/Frameworks @loader_path/Frameworks";
				PRODUCT_BUNDLE_IDENTIFIER = com.nhatthanh.tippyTests;
				PRODUCT_NAME = "$(TARGET_NAME)";
				SWIFT_VERSION = 3.0;
				TEST_HOST = "$(BUILT_PRODUCTS_DIR)/tippy.app/tippy";
			};
			name = Release;
		};
		345CEA411D96163900E9E199 /* Debug */ = {
			isa = XCBuildConfiguration;
			buildSettings = {
				ALWAYS_EMBED_SWIFT_STANDARD_LIBRARIES = YES;
				INFOPLIST_FILE = tippyUITests/Info.plist;
				LD_RUNPATH_SEARCH_PATHS = "$(inherited) @executable_path/Frameworks @loader_path/Frameworks";
				PRODUCT_BUNDLE_IDENTIFIER = com.nhatthanh.tippyUITests;
				PRODUCT_NAME = "$(TARGET_NAME)";
				SWIFT_VERSION = 3.0;
				TEST_TARGET_NAME = tippy;
			};
			name = Debug;
		};
		345CEA421D96163900E9E199 /* Release */ = {
			isa = XCBuildConfiguration;
			buildSettings = {
				ALWAYS_EMBED_SWIFT_STANDARD_LIBRARIES = YES;
				INFOPLIST_FILE = tippyUITests/Info.plist;
				LD_RUNPATH_SEARCH_PATHS = "$(inherited) @executable_path/Frameworks @loader_path/Frameworks";
				PRODUCT_BUNDLE_IDENTIFIER = com.nhatthanh.tippyUITests;
				PRODUCT_NAME = "$(TARGET_NAME)";
				SWIFT_VERSION = 3.0;
				TEST_TARGET_NAME = tippy;
			};
			name = Release;
		};
/* End XCBuildConfiguration section */

/* Begin XCConfigurationList section */
		345CEA0D1D96163900E9E199 /* Build configuration list for PBXProject "tippy" */ = {
			isa = XCConfigurationList;
			buildConfigurations = (
				345CEA381D96163900E9E199 /* Debug */,
				345CEA391D96163900E9E199 /* Release */,
			);
			defaultConfigurationIsVisible = 0;
			defaultConfigurationName = Release;
		};
		345CEA3A1D96163900E9E199 /* Build configuration list for PBXNativeTarget "tippy" */ = {
			isa = XCConfigurationList;
			buildConfigurations = (
				345CEA3B1D96163900E9E199 /* Debug */,
				345CEA3C1D96163900E9E199 /* Release */,
			);
			defaultConfigurationIsVisible = 0;
			defaultConfigurationName = Release;
		};
		345CEA3D1D96163900E9E199 /* Build configuration list for PBXNativeTarget "tippyTests" */ = {
			isa = XCConfigurationList;
			buildConfigurations = (
				345CEA3E1D96163900E9E199 /* Debug */,
				345CEA3F1D96163900E9E199 /* Release */,
			);
			defaultConfigurationIsVisible = 0;
			defaultConfigurationName = Release;
		};
		345CEA401D96163900E9E199 /* Build configuration list for PBXNativeTarget "tippyUITests" */ = {
			isa = XCConfigurationList;
			buildConfigurations = (
				345CEA411D96163900E9E199 /* Debug */,
				345CEA421D96163900E9E199 /* Release */,
			);
			defaultConfigurationIsVisible = 0;
			defaultConfigurationName = Release;
		};
/* End XCConfigurationList section */
	};
	rootObject = 345CEA0A1D96163900E9E199 /* Project object */;
}
